
Microsoft Visual Studio Solution File, Format Version 12.00
# Visual Studio 14
VisualStudioVersion = 14.0.25420.1
MinimumVisualStudioVersion = 10.0.40219.1
Project("{8BB2217D-0F2D-49D1-97BC-3654ED321F3B}") = "DotNetLambdaBenchmark", "DotNetLambdaBenchmark\DotNetLambdaBenchmark.xproj", "{D8BEC7CF-2940-4B97-B2A8-C6763C8D5167}"
EndProject
Project("{8BB2217D-0F2D-49D1-97BC-3654ED321F3B}") = "DotNetLambdaBenchmark.Tests", "AWSLambda1\AWSLambda1.Tests\DotNetLambdaBenchmark.Tests.xproj", "{E370D751-20B8-410A-945A-B672AD93F7B0}"
EndProject
Global
	GlobalSection(SolutionConfigurationPlatforms) = preSolution
		Debug|Any CPU = Debug|Any CPU
		Release|Any CPU = Release|Any CPU
	EndGlobalSection
	GlobalSection(ProjectConfigurationPlatforms) = postSolution
		{D8BEC7CF-2940-4B97-B2A8-C6763C8D5167}.Debug|Any CPU.ActiveCfg = Debug|Any CPU
		{D8BEC7CF-2940-4B97-B2A8-C6763C8D5167}.Debug|Any CPU.Build.0 = Debug|Any CPU
		{D8BEC7CF-2940-4B97-B2A8-C6763C8D5167}.Release|Any CPU.ActiveCfg = Release|Any CPU
		{D8BEC7CF-2940-4B97-B2A8-C6763C8D5167}.Release|Any CPU.Build.0 = Release|Any CPU
		{E370D751-20B8-410A-945A-B672AD93F7B0}.Debug|Any CPU.ActiveCfg = Debug|Any CPU
		{E370D751-20B8-410A-945A-B672AD93F7B0}.Debug|Any CPU.Build.0 = Debug|Any CPU
		{E370D751-20B8-410A-945A-B672AD93F7B0}.Release|Any CPU.ActiveCfg = Release|Any CPU
		{E370D751-20B8-410A-945A-B672AD93F7B0}.Release|Any CPU.Build.0 = Release|Any CPU
	EndGlobalSection
	GlobalSection(SolutionProperties) = preSolution
		HideSolutionNode = FALSE
	EndGlobalSection
EndGlobal
